
Microsoft Visual Studio Solution File, Format Version 12.00
# Visual Studio Version 17
VisualStudioVersion = 17.8.34330.188
MinimumVisualStudioVersion = 10.0.40219.1
Project("{FAE04EC0-301F-11D3-BF4B-00C04F79EFBC}") = "Thread-Task-AwaitAsync", "Thread-Task-AwaitAsync.csproj", "{D51DE26E-AC2D-46F5-A5A0-27882937F7F3}"
EndProject
Project("{FAE04EC0-301F-11D3-BF4B-00C04F79EFBC}") = "Thread-Task-AwaitAsync.Domain", "..\Thread-Task-AwaitAsync.Domain\Thread-Task-AwaitAsync.Domain.csproj", "{A86BE037-DB8C-4034-BD7A-B1209975F2D3}"
EndProject
Project("{FAE04EC0-301F-11D3-BF4B-00C04F79EFBC}") = "Thread-Task-AwaitAsync.Helper", "..\Thread-Task-AwaitAsync.Helper\Thread-Task-AwaitAsync.Helper.csproj", "{30B7EEC2-E9A2-472C-8544-E6DDC62A8AA4}"
EndProject
Global
	GlobalSection(SolutionConfigurationPlatforms) = preSolution
		Debug|Any CPU = Debug|Any CPU
		Release|Any CPU = Release|Any CPU
	EndGlobalSection
	GlobalSection(ProjectConfigurationPlatforms) = postSolution
		{D51DE26E-AC2D-46F5-A5A0-27882937F7F3}.Debug|Any CPU.ActiveCfg = Debug|Any CPU
		{D51DE26E-AC2D-46F5-A5A0-27882937F7F3}.Debug|Any CPU.Build.0 = Debug|Any CPU
		{D51DE26E-AC2D-46F5-A5A0-27882937F7F3}.Release|Any CPU.ActiveCfg = Release|Any CPU
		{D51DE26E-AC2D-46F5-A5A0-27882937F7F3}.Release|Any CPU.Build.0 = Release|Any CPU
		{A86BE037-DB8C-4034-BD7A-B1209975F2D3}.Debug|Any CPU.ActiveCfg = Debug|Any CPU
		{A86BE037-DB8C-4034-BD7A-B1209975F2D3}.Debug|Any CPU.Build.0 = Debug|Any CPU
		{A86BE037-DB8C-4034-BD7A-B1209975F2D3}.Release|Any CPU.ActiveCfg = Release|Any CPU
		{A86BE037-DB8C-4034-BD7A-B1209975F2D3}.Release|Any CPU.Build.0 = Release|Any CPU
		{30B7EEC2-E9A2-472C-8544-E6DDC62A8AA4}.Debug|Any CPU.ActiveCfg = Debug|Any CPU
		{30B7EEC2-E9A2-472C-8544-E6DDC62A8AA4}.Debug|Any CPU.Build.0 = Debug|Any CPU
		{30B7EEC2-E9A2-472C-8544-E6DDC62A8AA4}.Release|Any CPU.ActiveCfg = Release|Any CPU
		{30B7EEC2-E9A2-472C-8544-E6DDC62A8AA4}.Release|Any CPU.Build.0 = Release|Any CPU
	EndGlobalSection
	GlobalSection(SolutionProperties) = preSolution
		HideSolutionNode = FALSE
	EndGlobalSection
	GlobalSection(ExtensibilityGlobals) = postSolution
		SolutionGuid = {8A5DAD15-F941-4426-8EE3-375AD2CFAFA6}
	EndGlobalSection
EndGlobal
